
Microsoft Visual Studio Solution File, Format Version 12.00
# Visual Studio Version 16
VisualStudioVersion = 16.0.809.2
MinimumVisualStudioVersion = 10.0.40219.1
Project("{FAE04EC0-301F-11D3-BF4B-00C04F79EFBC}") = "using_classes", "using_classes.csproj", "{0FFACF58-C807-447B-ACCA-0C40CB2FD01E}"
EndProject
Global
	GlobalSection(SolutionConfigurationPlatforms) = preSolution
		Debug|Any CPU = Debug|Any CPU
		Release|Any CPU = Release|Any CPU
	EndGlobalSection
	GlobalSection(ProjectConfigurationPlatforms) = postSolution
		{0FFACF58-C807-447B-ACCA-0C40CB2FD01E}.Debug|Any CPU.ActiveCfg = Debug|Any CPU
		{0FFACF58-C807-447B-ACCA-0C40CB2FD01E}.Debug|Any CPU.Build.0 = Debug|Any CPU
		{0FFACF58-C807-447B-ACCA-0C40CB2FD01E}.Release|Any CPU.ActiveCfg = Release|Any CPU
		{0FFACF58-C807-447B-ACCA-0C40CB2FD01E}.Release|Any CPU.Build.0 = Release|Any CPU
	EndGlobalSection
	GlobalSection(SolutionProperties) = preSolution
		HideSolutionNode = FALSE
	EndGlobalSection
	GlobalSection(ExtensibilityGlobals) = postSolution
		SolutionGuid = {9E9B4D77-3323-480B-A83E-68DEDF3DD31C}
	EndGlobalSection
EndGlobal
